// !$*UTF8*$!
{
	archiveVersion = 1;
	classes = {
	};
	objectVersion = 56;
	objects = {

/* Begin PBXBuildFile section */
		116BA88A2B376E7F0014231D /* PriceView.swift in Sources */ = {isa = PBXBuildFile; fileRef = 116BA8892B376E7F0014231D /* PriceView.swift */; };
		116BA8922B3771A50014231D /* NumberInfoController.swift in Sources */ = {isa = PBXBuildFile; fileRef = 116BA8912B3771A50014231D /* NumberInfoController.swift */; };
		116BA8952B37725B0014231D /* NumberInfroCollectionViewCell.swift in Sources */ = {isa = PBXBuildFile; fileRef = 116BA8942B37725B0014231D /* NumberInfroCollectionViewCell.swift */; };
		116BA89B2B377E820014231D /* OptionsView.swift in Sources */ = {isa = PBXBuildFile; fileRef = 116BA89A2B377E820014231D /* OptionsView.swift */; };
		116BA89E2B3780500014231D /* RatingView.swift in Sources */ = {isa = PBXBuildFile; fileRef = 116BA89D2B3780500014231D /* RatingView.swift */; };
		116BA8A12B3781BD0014231D /* HotelView.swift in Sources */ = {isa = PBXBuildFile; fileRef = 116BA8A02B3781BD0014231D /* HotelView.swift */; };
		116BA8A42B37966F0014231D /* HotelModel.swift in Sources */ = {isa = PBXBuildFile; fileRef = 116BA8A32B37966F0014231D /* HotelModel.swift */; };
		116BA8A62B3796E00014231D /* RoomsModel.swift in Sources */ = {isa = PBXBuildFile; fileRef = 116BA8A52B3796E00014231D /* RoomsModel.swift */; };
		116BA8A92B3797570014231D /* BookingModel.swift in Sources */ = {isa = PBXBuildFile; fileRef = 116BA8A82B3797570014231D /* BookingModel.swift */; };
		1185E2F32B37254B0038FC63 /* AppDelegate.swift in Sources */ = {isa = PBXBuildFile; fileRef = 1185E2F22B37254B0038FC63 /* AppDelegate.swift */; };
		1185E2F52B37254B0038FC63 /* SceneDelegate.swift in Sources */ = {isa = PBXBuildFile; fileRef = 1185E2F42B37254B0038FC63 /* SceneDelegate.swift */; };
		1185E2FC2B37254D0038FC63 /* Assets.xcassets in Resources */ = {isa = PBXBuildFile; fileRef = 1185E2FB2B37254D0038FC63 /* Assets.xcassets */; };
		1185E2FF2B37254D0038FC63 /* LaunchScreen.storyboard in Resources */ = {isa = PBXBuildFile; fileRef = 1185E2FD2B37254D0038FC63 /* LaunchScreen.storyboard */; };
		1185E3072B3725940038FC63 /* HotelController.swift in Sources */ = {isa = PBXBuildFile; fileRef = 1185E3062B3725940038FC63 /* HotelController.swift */; };
		1185E30B2B3726200038FC63 /* PhotoCarouselView.swift in Sources */ = {isa = PBXBuildFile; fileRef = 1185E30A2B3726200038FC63 /* PhotoCarouselView.swift */; };
		1185E30E2B3726730038FC63 /* PhotoCollectionCell.swift in Sources */ = {isa = PBXBuildFile; fileRef = 1185E30D2B3726730038FC63 /* PhotoCollectionCell.swift */; };
		1185E3112B3726FB0038FC63 /* UIView+Extensions.swift in Sources */ = {isa = PBXBuildFile; fileRef = 1185E3102B3726FB0038FC63 /* UIView+Extensions.swift */; };
		11A5533F2B3AD5F3000303DD /* NonActiveView.swift in Sources */ = {isa = PBXBuildFile; fileRef = 11A5533E2B3AD5F2000303DD /* NonActiveView.swift */; };
		11A553412B3AE315000303DD /* PeculiaritiesView.swift in Sources */ = {isa = PBXBuildFile; fileRef = 11A553402B3AE315000303DD /* PeculiaritiesView.swift */; };
		11A553442B3AE3B6000303DD /* PeculiaritiesViewCell.swift in Sources */ = {isa = PBXBuildFile; fileRef = 11A553432B3AE3B6000303DD /* PeculiaritiesViewCell.swift */; };
		11A553472B3AEDE2000303DD /* TagFlowLayout.swift in Sources */ = {isa = PBXBuildFile; fileRef = 11A553462B3AEDE2000303DD /* TagFlowLayout.swift */; };
		11A553492B3B05B9000303DD /* UIScrollView+Extensions.swift in Sources */ = {isa = PBXBuildFile; fileRef = 11A553482B3B05B9000303DD /* UIScrollView+Extensions.swift */; };
		11A5534F2B3B11EA000303DD /* BookingController.swift in Sources */ = {isa = PBXBuildFile; fileRef = 11A5534E2B3B11EA000303DD /* BookingController.swift */; };
		11A553512B3B1EFC000303DD /* TouristModel.swift in Sources */ = {isa = PBXBuildFile; fileRef = 11A553502B3B1EFC000303DD /* TouristModel.swift */; };
		11A553542B3B212E000303DD /* FullPriceView.swift in Sources */ = {isa = PBXBuildFile; fileRef = 11A553532B3B212E000303DD /* FullPriceView.swift */; };
		11A553562B3B4052000303DD /* BuyerInfoView.swift in Sources */ = {isa = PBXBuildFile; fileRef = 11A553552B3B4052000303DD /* BuyerInfoView.swift */; };
		11A553592B3B4F02000303DD /* UIColor+Extensions.swift in Sources */ = {isa = PBXBuildFile; fileRef = 11A553582B3B4F02000303DD /* UIColor+Extensions.swift */; };
		11A5535B2B3B4F68000303DD /* R.swift in Sources */ = {isa = PBXBuildFile; fileRef = 11A5535A2B3B4F68000303DD /* R.swift */; };
		11A5535E2B3C1158000303DD /* MainButton.swift in Sources */ = {isa = PBXBuildFile; fileRef = 11A5535D2B3C1158000303DD /* MainButton.swift */; };
		11A553612B3C13C1000303DD /* MainButtonContainer.swift in Sources */ = {isa = PBXBuildFile; fileRef = 11A553602B3C13C1000303DD /* MainButtonContainer.swift */; };
		11A553642B3C1D94000303DD /* PhoneTextField.swift in Sources */ = {isa = PBXBuildFile; fileRef = 11A553632B3C1D94000303DD /* PhoneTextField.swift */; };
		11A553662B3C1EE6000303DD /* String+Extensions.swift in Sources */ = {isa = PBXBuildFile; fileRef = 11A553652B3C1EE6000303DD /* String+Extensions.swift */; };
		11A553692B3C3D20000303DD /* MailTextField.swift in Sources */ = {isa = PBXBuildFile; fileRef = 11A553682B3C3D20000303DD /* MailTextField.swift */; };
		11A5536B2B3C43EA000303DD /* CustomTextField.swift in Sources */ = {isa = PBXBuildFile; fileRef = 11A5536A2B3C43EA000303DD /* CustomTextField.swift */; };
		11A5536D2B3C4676000303DD /* BookingInfoView.swift in Sources */ = {isa = PBXBuildFile; fileRef = 11A5536C2B3C4676000303DD /* BookingInfoView.swift */; };
		11A553702B3C7D51000303DD /* PaidController.swift in Sources */ = {isa = PBXBuildFile; fileRef = 11A5536F2B3C7D51000303DD /* PaidController.swift */; };
		11A553732B3D67D7000303DD /* TouristView.swift in Sources */ = {isa = PBXBuildFile; fileRef = 11A553722B3D67D7000303DD /* TouristView.swift */; };
		11A553762B3D690C000303DD /* TouristCollectionViewCell.swift in Sources */ = {isa = PBXBuildFile; fileRef = 11A553752B3D690C000303DD /* TouristCollectionViewCell.swift */; };
		11A553792B3D83D4000303DD /* TouristButton.swift in Sources */ = {isa = PBXBuildFile; fileRef = 11A553782B3D83D4000303DD /* TouristButton.swift */; };
		11B6E7B32B3831A100DF2FAD /* AboutHotelView.swift in Sources */ = {isa = PBXBuildFile; fileRef = 11B6E7B22B3831A100DF2FAD /* AboutHotelView.swift */; };
		11B6E7C32B39724E00DF2FAD /* Route.swift in Sources */ = {isa = PBXBuildFile; fileRef = 11B6E7C22B39724E00DF2FAD /* Route.swift */; };
		11B6E7C52B3972F400DF2FAD /* NetworkManager.swift in Sources */ = {isa = PBXBuildFile; fileRef = 11B6E7C42B3972F400DF2FAD /* NetworkManager.swift */; };
		11B6E7C72B3978AE00DF2FAD /* UIImageView+Extensions.swift in Sources */ = {isa = PBXBuildFile; fileRef = 11B6E7C62B3978AE00DF2FAD /* UIImageView+Extensions.swift */; };
/* End PBXBuildFile section */

/* Begin PBXFileReference section */
		116BA8892B376E7F0014231D /* PriceView.swift */ = {isa = PBXFileReference; lastKnownFileType = sourcecode.swift; path = PriceView.swift; sourceTree = "<group>"; };
		116BA8912B3771A50014231D /* NumberInfoController.swift */ = {isa = PBXFileReference; lastKnownFileType = sourcecode.swift; path = NumberInfoController.swift; sourceTree = "<group>"; };
		116BA8942B37725B0014231D /* NumberInfroCollectionViewCell.swift */ = {isa = PBXFileReference; lastKnownFileType = sourcecode.swift; path = NumberInfroCollectionViewCell.swift; sourceTree = "<group>"; };
		116BA89A2B377E820014231D /* OptionsView.swift */ = {isa = PBXFileReference; lastKnownFileType = sourcecode.swift; path = OptionsView.swift; sourceTree = "<group>"; };
		116BA89D2B3780500014231D /* RatingView.swift */ = {isa = PBXFileReference; lastKnownFileType = sourcecode.swift; path = RatingView.swift; sourceTree = "<group>"; };
		116BA8A02B3781BD0014231D /* HotelView.swift */ = {isa = PBXFileReference; lastKnownFileType = sourcecode.swift; path = HotelView.swift; sourceTree = "<group>"; };
		116BA8A32B37966F0014231D /* HotelModel.swift */ = {isa = PBXFileReference; lastKnownFileType = sourcecode.swift; path = HotelModel.swift; sourceTree = "<group>"; };
		116BA8A52B3796E00014231D /* RoomsModel.swift */ = {isa = PBXFileReference; lastKnownFileType = sourcecode.swift; path = RoomsModel.swift; sourceTree = "<group>"; };
		116BA8A82B3797570014231D /* BookingModel.swift */ = {isa = PBXFileReference; lastKnownFileType = sourcecode.swift; path = BookingModel.swift; sourceTree = "<group>"; };
		1185E2EF2B37254B0038FC63 /* EffectiveMobile-Test.app */ = {isa = PBXFileReference; explicitFileType = wrapper.application; includeInIndex = 0; path = "EffectiveMobile-Test.app"; sourceTree = BUILT_PRODUCTS_DIR; };
		1185E2F22B37254B0038FC63 /* AppDelegate.swift */ = {isa = PBXFileReference; lastKnownFileType = sourcecode.swift; path = AppDelegate.swift; sourceTree = "<group>"; };
		1185E2F42B37254B0038FC63 /* SceneDelegate.swift */ = {isa = PBXFileReference; lastKnownFileType = sourcecode.swift; path = SceneDelegate.swift; sourceTree = "<group>"; };
		1185E2FB2B37254D0038FC63 /* Assets.xcassets */ = {isa = PBXFileReference; lastKnownFileType = folder.assetcatalog; path = Assets.xcassets; sourceTree = "<group>"; };
		1185E2FE2B37254D0038FC63 /* Base */ = {isa = PBXFileReference; lastKnownFileType = file.storyboard; name = Base; path = Base.lproj/LaunchScreen.storyboard; sourceTree = "<group>"; };
		1185E3002B37254D0038FC63 /* Info.plist */ = {isa = PBXFileReference; lastKnownFileType = text.plist.xml; path = Info.plist; sourceTree = "<group>"; };
		1185E3062B3725940038FC63 /* HotelController.swift */ = {isa = PBXFileReference; lastKnownFileType = sourcecode.swift; path = HotelController.swift; sourceTree = "<group>"; };
		1185E30A2B3726200038FC63 /* PhotoCarouselView.swift */ = {isa = PBXFileReference; lastKnownFileType = sourcecode.swift; path = PhotoCarouselView.swift; sourceTree = "<group>"; };
		1185E30D2B3726730038FC63 /* PhotoCollectionCell.swift */ = {isa = PBXFileReference; lastKnownFileType = sourcecode.swift; path = PhotoCollectionCell.swift; sourceTree = "<group>"; };
		1185E3102B3726FB0038FC63 /* UIView+Extensions.swift */ = {isa = PBXFileReference; lastKnownFileType = sourcecode.swift; path = "UIView+Extensions.swift"; sourceTree = "<group>"; };
		11A5533E2B3AD5F2000303DD /* NonActiveView.swift */ = {isa = PBXFileReference; lastKnownFileType = sourcecode.swift; path = NonActiveView.swift; sourceTree = "<group>"; };
		11A553402B3AE315000303DD /* PeculiaritiesView.swift */ = {isa = PBXFileReference; lastKnownFileType = sourcecode.swift; path = PeculiaritiesView.swift; sourceTree = "<group>"; };
		11A553432B3AE3B6000303DD /* PeculiaritiesViewCell.swift */ = {isa = PBXFileReference; lastKnownFileType = sourcecode.swift; path = PeculiaritiesViewCell.swift; sourceTree = "<group>"; };
		11A553462B3AEDE2000303DD /* TagFlowLayout.swift */ = {isa = PBXFileReference; lastKnownFileType = sourcecode.swift; path = TagFlowLayout.swift; sourceTree = "<group>"; };
		11A553482B3B05B9000303DD /* UIScrollView+Extensions.swift */ = {isa = PBXFileReference; lastKnownFileType = sourcecode.swift; path = "UIScrollView+Extensions.swift"; sourceTree = "<group>"; };
		11A5534E2B3B11EA000303DD /* BookingController.swift */ = {isa = PBXFileReference; lastKnownFileType = sourcecode.swift; path = BookingController.swift; sourceTree = "<group>"; };
		11A553502B3B1EFC000303DD /* TouristModel.swift */ = {isa = PBXFileReference; lastKnownFileType = sourcecode.swift; path = TouristModel.swift; sourceTree = "<group>"; };
		11A553532B3B212E000303DD /* FullPriceView.swift */ = {isa = PBXFileReference; lastKnownFileType = sourcecode.swift; path = FullPriceView.swift; sourceTree = "<group>"; };
		11A553552B3B4052000303DD /* BuyerInfoView.swift */ = {isa = PBXFileReference; lastKnownFileType = sourcecode.swift; path = BuyerInfoView.swift; sourceTree = "<group>"; };
		11A553582B3B4F02000303DD /* UIColor+Extensions.swift */ = {isa = PBXFileReference; lastKnownFileType = sourcecode.swift; path = "UIColor+Extensions.swift"; sourceTree = "<group>"; };
		11A5535A2B3B4F68000303DD /* R.swift */ = {isa = PBXFileReference; lastKnownFileType = sourcecode.swift; path = R.swift; sourceTree = "<group>"; };
		11A5535D2B3C1158000303DD /* MainButton.swift */ = {isa = PBXFileReference; lastKnownFileType = sourcecode.swift; path = MainButton.swift; sourceTree = "<group>"; };
		11A553602B3C13C1000303DD /* MainButtonContainer.swift */ = {isa = PBXFileReference; lastKnownFileType = sourcecode.swift; path = MainButtonContainer.swift; sourceTree = "<group>"; };
		11A553632B3C1D94000303DD /* PhoneTextField.swift */ = {isa = PBXFileReference; lastKnownFileType = sourcecode.swift; path = PhoneTextField.swift; sourceTree = "<group>"; };
		11A553652B3C1EE6000303DD /* String+Extensions.swift */ = {isa = PBXFileReference; lastKnownFileType = sourcecode.swift; path = "String+Extensions.swift"; sourceTree = "<group>"; };
		11A553682B3C3D20000303DD /* MailTextField.swift */ = {isa = PBXFileReference; lastKnownFileType = sourcecode.swift; path = MailTextField.swift; sourceTree = "<group>"; };
		11A5536A2B3C43EA000303DD /* CustomTextField.swift */ = {isa = PBXFileReference; lastKnownFileType = sourcecode.swift; path = CustomTextField.swift; sourceTree = "<group>"; };
		11A5536C2B3C4676000303DD /* BookingInfoView.swift */ = {isa = PBXFileReference; lastKnownFileType = sourcecode.swift; path = BookingInfoView.swift; sourceTree = "<group>"; };
		11A5536F2B3C7D51000303DD /* PaidController.swift */ = {isa = PBXFileReference; lastKnownFileType = sourcecode.swift; path = PaidController.swift; sourceTree = "<group>"; };
		11A553722B3D67D7000303DD /* TouristView.swift */ = {isa = PBXFileReference; lastKnownFileType = sourcecode.swift; path = TouristView.swift; sourceTree = "<group>"; };
		11A553752B3D690C000303DD /* TouristCollectionViewCell.swift */ = {isa = PBXFileReference; lastKnownFileType = sourcecode.swift; path = TouristCollectionViewCell.swift; sourceTree = "<group>"; };
		11A553782B3D83D4000303DD /* TouristButton.swift */ = {isa = PBXFileReference; lastKnownFileType = sourcecode.swift; path = TouristButton.swift; sourceTree = "<group>"; };
		11B6E7B22B3831A100DF2FAD /* AboutHotelView.swift */ = {isa = PBXFileReference; lastKnownFileType = sourcecode.swift; path = AboutHotelView.swift; sourceTree = "<group>"; };
		11B6E7C22B39724E00DF2FAD /* Route.swift */ = {isa = PBXFileReference; lastKnownFileType = sourcecode.swift; path = Route.swift; sourceTree = "<group>"; };
		11B6E7C42B3972F400DF2FAD /* NetworkManager.swift */ = {isa = PBXFileReference; lastKnownFileType = sourcecode.swift; path = NetworkManager.swift; sourceTree = "<group>"; };
		11B6E7C62B3978AE00DF2FAD /* UIImageView+Extensions.swift */ = {isa = PBXFileReference; lastKnownFileType = sourcecode.swift; path = "UIImageView+Extensions.swift"; sourceTree = "<group>"; };
/* End PBXFileReference section */

/* Begin PBXFrameworksBuildPhase section */
		1185E2EC2B37254B0038FC63 /* Frameworks */ = {
			isa = PBXFrameworksBuildPhase;
			buildActionMask = 2147483647;
			files = (
			);
			runOnlyForDeploymentPostprocessing = 0;
		};
/* End PBXFrameworksBuildPhase section */

/* Begin PBXGroup section */
		116BA8872B376E420014231D /* BaseViews */ = {
			isa = PBXGroup;
			children = (
				11A5537A2B401196000303DD /* New Group */,
				11A553712B3D67BD000303DD /* TouristView */,
				11A553622B3C1D84000303DD /* TextFields */,
				11A5535C2B3C1101000303DD /* MainButton */,
				11B6E7BB2B38597300DF2FAD /* PeculiaritiesView */,
				116BA89C2B3780430014231D /* RatingView */,
				116BA8992B377E760014231D /* OptionsView */,
				116BA8882B376E790014231D /* PriceView */,
				1185E3122B3733BC0038FC63 /* PhotoView */,
			);
			path = BaseViews;
			sourceTree = "<group>";
		};
		116BA8882B376E790014231D /* PriceView */ = {
			isa = PBXGroup;
			children = (
				116BA8892B376E7F0014231D /* PriceView.swift */,
			);
			path = PriceView;
			sourceTree = "<group>";
		};
		116BA88F2B3771920014231D /* Controllers */ = {
			isa = PBXGroup;
			children = (
				11A5536E2B3C7D44000303DD /* PaidController */,
				11A5534D2B3B11CA000303DD /* BookingController */,
				116BA8902B37719A0014231D /* NumberInfoController */,
				1185E3082B3725EC0038FC63 /* HotelController */,
			);
			path = Controllers;
			sourceTree = "<group>";
		};
		116BA8902B37719A0014231D /* NumberInfoController */ = {
			isa = PBXGroup;
			children = (
				116BA8932B3772480014231D /* CollectionViewCell */,
				116BA8912B3771A50014231D /* NumberInfoController.swift */,
			);
			path = NumberInfoController;
			sourceTree = "<group>";
		};
		116BA8932B3772480014231D /* CollectionViewCell */ = {
			isa = PBXGroup;
			children = (
				116BA8942B37725B0014231D /* NumberInfroCollectionViewCell.swift */,
			);
			path = CollectionViewCell;
			sourceTree = "<group>";
		};
		116BA8992B377E760014231D /* OptionsView */ = {
			isa = PBXGroup;
			children = (
				116BA89A2B377E820014231D /* OptionsView.swift */,
			);
			path = OptionsView;
			sourceTree = "<group>";
		};
		116BA89C2B3780430014231D /* RatingView */ = {
			isa = PBXGroup;
			children = (
				116BA89D2B3780500014231D /* RatingView.swift */,
			);
			path = RatingView;
			sourceTree = "<group>";
		};
		116BA89F2B3781AF0014231D /* Views */ = {
			isa = PBXGroup;
			children = (
				116BA8A02B3781BD0014231D /* HotelView.swift */,
				11B6E7B22B3831A100DF2FAD /* AboutHotelView.swift */,
			);
			path = Views;
			sourceTree = "<group>";
		};
		116BA8A22B3796680014231D /* Models */ = {
			isa = PBXGroup;
			children = (
				116BA8A32B37966F0014231D /* HotelModel.swift */,
				116BA8A52B3796E00014231D /* RoomsModel.swift */,
				116BA8A82B3797570014231D /* BookingModel.swift */,
				11A553502B3B1EFC000303DD /* TouristModel.swift */,
			);
			path = Models;
			sourceTree = "<group>";
		};
		116BA8AA2B37979D0014231D /* Application */ = {
			isa = PBXGroup;
			children = (
				1185E2F22B37254B0038FC63 /* AppDelegate.swift */,
				1185E2F42B37254B0038FC63 /* SceneDelegate.swift */,
			);
			path = Application;
			sourceTree = "<group>";
		};
		1185E2E62B37254B0038FC63 = {
			isa = PBXGroup;
			children = (
				1185E2F12B37254B0038FC63 /* EffectiveMobile-Test */,
				1185E2F02B37254B0038FC63 /* Products */,
			);
			sourceTree = "<group>";
		};
		1185E2F02B37254B0038FC63 /* Products */ = {
			isa = PBXGroup;
			children = (
				1185E2EF2B37254B0038FC63 /* EffectiveMobile-Test.app */,
			);
			name = Products;
			sourceTree = "<group>";
		};
		1185E2F12B37254B0038FC63 /* EffectiveMobile-Test */ = {
			isa = PBXGroup;
			children = (
				11B6E7C12B39720D00DF2FAD /* Networking */,
				116BA8A22B3796680014231D /* Models */,
				116BA8872B376E420014231D /* BaseViews */,
				1185E30F2B3726EC0038FC63 /* Resources */,
				116BA88F2B3771920014231D /* Controllers */,
				116BA8AA2B37979D0014231D /* Application */,
				1185E3002B37254D0038FC63 /* Info.plist */,
			);
			path = "EffectiveMobile-Test";
			sourceTree = "<group>";
		};
		1185E3082B3725EC0038FC63 /* HotelController */ = {
			isa = PBXGroup;
			children = (
				11A5533D2B3AD5E3000303DD /* Subviews */,
				116BA89F2B3781AF0014231D /* Views */,
				1185E3062B3725940038FC63 /* HotelController.swift */,
			);
			path = HotelController;
			sourceTree = "<group>";
		};
		1185E30C2B3726590038FC63 /* CollectionViewCells */ = {
			isa = PBXGroup;
			children = (
				1185E30D2B3726730038FC63 /* PhotoCollectionCell.swift */,
			);
			path = CollectionViewCells;
			sourceTree = "<group>";
		};
		1185E30F2B3726EC0038FC63 /* Resources */ = {
			isa = PBXGroup;
			children = (
				11A553572B3B4EF7000303DD /* Resource */,
				11B6E7BA2B38488300DF2FAD /* Extensions */,
				1185E2FD2B37254D0038FC63 /* LaunchScreen.storyboard */,
				1185E2FB2B37254D0038FC63 /* Assets.xcassets */,
			);
			path = Resources;
			sourceTree = "<group>";
		};
		1185E3122B3733BC0038FC63 /* PhotoView */ = {
			isa = PBXGroup;
			children = (
				1185E30C2B3726590038FC63 /* CollectionViewCells */,
				1185E30A2B3726200038FC63 /* PhotoCarouselView.swift */,
			);
			path = PhotoView;
			sourceTree = "<group>";
		};
		11A5533D2B3AD5E3000303DD /* Subviews */ = {
			isa = PBXGroup;
			children = (
				11A5533E2B3AD5F2000303DD /* NonActiveView.swift */,
			);
			path = Subviews;
			sourceTree = "<group>";
		};
		11A553422B3AE3A2000303DD /* Cell */ = {
			isa = PBXGroup;
			children = (
				11A553432B3AE3B6000303DD /* PeculiaritiesViewCell.swift */,
			);
			path = Cell;
			sourceTree = "<group>";
		};
		11A553452B3AEDDB000303DD /* TagFlowLayout */ = {
			isa = PBXGroup;
			children = (
				11A553462B3AEDE2000303DD /* TagFlowLayout.swift */,
			);
			path = TagFlowLayout;
			sourceTree = "<group>";
		};
		11A5534D2B3B11CA000303DD /* BookingController */ = {
			isa = PBXGroup;
			children = (
				11A553522B3B20FD000303DD /* Views */,
				11A5534E2B3B11EA000303DD /* BookingController.swift */,
			);
			path = BookingController;
			sourceTree = "<group>";
		};
		11A553522B3B20FD000303DD /* Views */ = {
			isa = PBXGroup;
			children = (
				11A553532B3B212E000303DD /* FullPriceView.swift */,
				11A553552B3B4052000303DD /* BuyerInfoView.swift */,
				11A5536C2B3C4676000303DD /* BookingInfoView.swift */,
			);
			path = Views;
			sourceTree = "<group>";
		};
		11A553572B3B4EF7000303DD /* Resource */ = {
			isa = PBXGroup;
			children = (
				11A5535A2B3B4F68000303DD /* R.swift */,
			);
			path = Resource;
			sourceTree = "<group>";
		};
		11A5535C2B3C1101000303DD /* MainButton */ = {
			isa = PBXGroup;
			children = (
				11A5535F2B3C13B0000303DD /* MainButtonContainer */,
				11A5535D2B3C1158000303DD /* MainButton.swift */,
			);
			path = MainButton;
			sourceTree = "<group>";
		};
		11A5535F2B3C13B0000303DD /* MainButtonContainer */ = {
			isa = PBXGroup;
			children = (
				11A553602B3C13C1000303DD /* MainButtonContainer.swift */,
			);
			path = MainButtonContainer;
			sourceTree = "<group>";
		};
		11A553622B3C1D84000303DD /* TextFields */ = {
			isa = PBXGroup;
			children = (
				11A553632B3C1D94000303DD /* PhoneTextField.swift */,
				11A553682B3C3D20000303DD /* MailTextField.swift */,
				11A5536A2B3C43EA000303DD /* CustomTextField.swift */,
			);
			path = TextFields;
			sourceTree = "<group>";
		};
		11A5536E2B3C7D44000303DD /* PaidController */ = {
			isa = PBXGroup;
			children = (
				11A5536F2B3C7D51000303DD /* PaidController.swift */,
			);
			path = PaidController;
			sourceTree = "<group>";
		};
		11A553712B3D67BD000303DD /* TouristView */ = {
			isa = PBXGroup;
			children = (
				11A553772B3D839C000303DD /* TuristButton */,
				11A553742B3D68FE000303DD /* TouristCell */,
				11A553722B3D67D7000303DD /* TouristView.swift */,
			);
			path = TouristView;
			sourceTree = "<group>";
		};
		11A553742B3D68FE000303DD /* TouristCell */ = {
			isa = PBXGroup;
			children = (
				11A553752B3D690C000303DD /* TouristCollectionViewCell.swift */,
			);
			path = TouristCell;
			sourceTree = "<group>";
		};
		11A553772B3D839C000303DD /* TuristButton */ = {
			isa = PBXGroup;
			children = (
				11A553782B3D83D4000303DD /* TouristButton.swift */,
			);
			path = TuristButton;
			sourceTree = "<group>";
		};
		11A5537A2B401196000303DD /* New Group */ = {
			isa = PBXGroup;
			children = (
			);
			path = "New Group";
			sourceTree = "<group>";
		};
		11B6E7BA2B38488300DF2FAD /* Extensions */ = {
			isa = PBXGroup;
			children = (
				1185E3102B3726FB0038FC63 /* UIView+Extensions.swift */,
				11B6E7C62B3978AE00DF2FAD /* UIImageView+Extensions.swift */,
				11A553482B3B05B9000303DD /* UIScrollView+Extensions.swift */,
				11A553582B3B4F02000303DD /* UIColor+Extensions.swift */,
				11A553652B3C1EE6000303DD /* String+Extensions.swift */,
			);
			path = Extensions;
			sourceTree = "<group>";
		};
		11B6E7BB2B38597300DF2FAD /* PeculiaritiesView */ = {
			isa = PBXGroup;
			children = (
				11A553452B3AEDDB000303DD /* TagFlowLayout */,
				11A553422B3AE3A2000303DD /* Cell */,
				11A553402B3AE315000303DD /* PeculiaritiesView.swift */,
			);
			path = PeculiaritiesView;
			sourceTree = "<group>";
		};
		11B6E7C12B39720D00DF2FAD /* Networking */ = {
			isa = PBXGroup;
			children = (
				11B6E7C22B39724E00DF2FAD /* Route.swift */,
				11B6E7C42B3972F400DF2FAD /* NetworkManager.swift */,
			);
			path = Networking;
			sourceTree = "<group>";
		};
/* End PBXGroup section */

/* Begin PBXNativeTarget section */
		1185E2EE2B37254B0038FC63 /* EffectiveMobile-Test */ = {
			isa = PBXNativeTarget;
			buildConfigurationList = 1185E3032B37254D0038FC63 /* Build configuration list for PBXNativeTarget "EffectiveMobile-Test" */;
			buildPhases = (
				1185E2EB2B37254B0038FC63 /* Sources */,
				1185E2EC2B37254B0038FC63 /* Frameworks */,
				1185E2ED2B37254B0038FC63 /* Resources */,
			);
			buildRules = (
			);
			dependencies = (
			);
			name = "EffectiveMobile-Test";
			productName = "EffectiveMobile-Test";
			productReference = 1185E2EF2B37254B0038FC63 /* EffectiveMobile-Test.app */;
			productType = "com.apple.product-type.application";
		};
/* End PBXNativeTarget section */

/* Begin PBXProject section */
		1185E2E72B37254B0038FC63 /* Project object */ = {
			isa = PBXProject;
			attributes = {
				BuildIndependentTargetsInParallel = 1;
				LastSwiftUpdateCheck = 1510;
				LastUpgradeCheck = 1510;
				TargetAttributes = {
					1185E2EE2B37254B0038FC63 = {
						CreatedOnToolsVersion = 15.1;
					};
				};
			};
			buildConfigurationList = 1185E2EA2B37254B0038FC63 /* Build configuration list for PBXProject "EffectiveMobile-Test" */;
			compatibilityVersion = "Xcode 14.0";
			developmentRegion = en;
			hasScannedForEncodings = 0;
			knownRegions = (
				en,
				Base,
			);
			mainGroup = 1185E2E62B37254B0038FC63;
			productRefGroup = 1185E2F02B37254B0038FC63 /* Products */;
			projectDirPath = "";
			projectRoot = "";
			targets = (
				1185E2EE2B37254B0038FC63 /* EffectiveMobile-Test */,
			);
		};
/* End PBXProject section */

/* Begin PBXResourcesBuildPhase section */
		1185E2ED2B37254B0038FC63 /* Resources */ = {
			isa = PBXResourcesBuildPhase;
			buildActionMask = 2147483647;
			files = (
				1185E2FF2B37254D0038FC63 /* LaunchScreen.storyboard in Resources */,
				1185E2FC2B37254D0038FC63 /* Assets.xcassets in Resources */,
			);
			runOnlyForDeploymentPostprocessing = 0;
		};
/* End PBXResourcesBuildPhase section */

/* Begin PBXSourcesBuildPhase section */
		1185E2EB2B37254B0038FC63 /* Sources */ = {
			isa = PBXSourcesBuildPhase;
			buildActionMask = 2147483647;
			files = (
				116BA88A2B376E7F0014231D /* PriceView.swift in Sources */,
				1185E3112B3726FB0038FC63 /* UIView+Extensions.swift in Sources */,
				11B6E7C52B3972F400DF2FAD /* NetworkManager.swift in Sources */,
				1185E2F32B37254B0038FC63 /* AppDelegate.swift in Sources */,
				11B6E7B32B3831A100DF2FAD /* AboutHotelView.swift in Sources */,
				1185E30B2B3726200038FC63 /* PhotoCarouselView.swift in Sources */,
				1185E3072B3725940038FC63 /* HotelController.swift in Sources */,
				1185E2F52B37254B0038FC63 /* SceneDelegate.swift in Sources */,
				11A5536B2B3C43EA000303DD /* CustomTextField.swift in Sources */,
				11A553472B3AEDE2000303DD /* TagFlowLayout.swift in Sources */,
				11A553692B3C3D20000303DD /* MailTextField.swift in Sources */,
				116BA8A42B37966F0014231D /* HotelModel.swift in Sources */,
				11A5534F2B3B11EA000303DD /* BookingController.swift in Sources */,
				116BA8A92B3797570014231D /* BookingModel.swift in Sources */,
				11A553662B3C1EE6000303DD /* String+Extensions.swift in Sources */,
				11A553592B3B4F02000303DD /* UIColor+Extensions.swift in Sources */,
				116BA89B2B377E820014231D /* OptionsView.swift in Sources */,
				11A5533F2B3AD5F3000303DD /* NonActiveView.swift in Sources */,
				11A553562B3B4052000303DD /* BuyerInfoView.swift in Sources */,
				11A553542B3B212E000303DD /* FullPriceView.swift in Sources */,
				11B6E7C32B39724E00DF2FAD /* Route.swift in Sources */,
				11A553732B3D67D7000303DD /* TouristView.swift in Sources */,
				11B6E7C72B3978AE00DF2FAD /* UIImageView+Extensions.swift in Sources */,
				11A5535B2B3B4F68000303DD /* R.swift in Sources */,
				116BA8A62B3796E00014231D /* RoomsModel.swift in Sources */,
				11A5536D2B3C4676000303DD /* BookingInfoView.swift in Sources */,
				11A553492B3B05B9000303DD /* UIScrollView+Extensions.swift in Sources */,
				11A5535E2B3C1158000303DD /* MainButton.swift in Sources */,
				11A553642B3C1D94000303DD /* PhoneTextField.swift in Sources */,
				1185E30E2B3726730038FC63 /* PhotoCollectionCell.swift in Sources */,
				11A553612B3C13C1000303DD /* MainButtonContainer.swift in Sources */,
				11A553512B3B1EFC000303DD /* TouristModel.swift in Sources */,
				116BA8922B3771A50014231D /* NumberInfoController.swift in Sources */,
				116BA8A12B3781BD0014231D /* HotelView.swift in Sources */,
				116BA8952B37725B0014231D /* NumberInfroCollectionViewCell.swift in Sources */,
				11A553762B3D690C000303DD /* TouristCollectionViewCell.swift in Sources */,
				11A553412B3AE315000303DD /* PeculiaritiesView.swift in Sources */,
				11A553702B3C7D51000303DD /* PaidController.swift in Sources */,
				11A553792B3D83D4000303DD /* TouristButton.swift in Sources */,
				116BA89E2B3780500014231D /* RatingView.swift in Sources */,
				11A553442B3AE3B6000303DD /* PeculiaritiesViewCell.swift in Sources */,
			);
			runOnlyForDeploymentPostprocessing = 0;
		};
/* End PBXSourcesBuildPhase section */

/* Begin PBXVariantGroup section */
		1185E2FD2B37254D0038FC63 /* LaunchScreen.storyboard */ = {
			isa = PBXVariantGroup;
			children = (
				1185E2FE2B37254D0038FC63 /* Base */,
			);
			name = LaunchScreen.storyboard;
			sourceTree = "<group>";
		};
/* End PBXVariantGroup section */

/* Begin XCBuildConfiguration section */
		1185E3012B37254D0038FC63 /* Debug */ = {
			isa = XCBuildConfiguration;
			buildSettings = {
				ALWAYS_SEARCH_USER_PATHS = NO;
				ASSETCATALOG_COMPILER_GENERATE_SWIFT_ASSET_SYMBOL_EXTENSIONS = YES;
				CLANG_ANALYZER_NONNULL = YES;
				CLANG_ANALYZER_NUMBER_OBJECT_CONVERSION = YES_AGGRESSIVE;
				CLANG_CXX_LANGUAGE_STANDARD = "gnu++20";
				CLANG_ENABLE_MODULES = YES;
				CLANG_ENABLE_OBJC_ARC = YES;
				CLANG_ENABLE_OBJC_WEAK = YES;
				CLANG_WARN_BLOCK_CAPTURE_AUTORELEASING = YES;
				CLANG_WARN_BOOL_CONVERSION = YES;
				CLANG_WARN_COMMA = YES;
				CLANG_WARN_CONSTANT_CONVERSION = YES;
				CLANG_WARN_DEPRECATED_OBJC_IMPLEMENTATIONS = YES;
				CLANG_WARN_DIRECT_OBJC_ISA_USAGE = YES_ERROR;
				CLANG_WARN_DOCUMENTATION_COMMENTS = YES;
				CLANG_WARN_EMPTY_BODY = YES;
				CLANG_WARN_ENUM_CONVERSION = YES;
				CLANG_WARN_INFINITE_RECURSION = YES;
				CLANG_WARN_INT_CONVERSION = YES;
				CLANG_WARN_NON_LITERAL_NULL_CONVERSION = YES;
				CLANG_WARN_OBJC_IMPLICIT_RETAIN_SELF = YES;
				CLANG_WARN_OBJC_LITERAL_CONVERSION = YES;
				CLANG_WARN_OBJC_ROOT_CLASS = YES_ERROR;
				CLANG_WARN_QUOTED_INCLUDE_IN_FRAMEWORK_HEADER = YES;
				CLANG_WARN_RANGE_LOOP_ANALYSIS = YES;
				CLANG_WARN_STRICT_PROTOTYPES = YES;
				CLANG_WARN_SUSPICIOUS_MOVE = YES;
				CLANG_WARN_UNGUARDED_AVAILABILITY = YES_AGGRESSIVE;
				CLANG_WARN_UNREACHABLE_CODE = YES;
				CLANG_WARN__DUPLICATE_METHOD_MATCH = YES;
				COPY_PHASE_STRIP = NO;
				DEBUG_INFORMATION_FORMAT = dwarf;
				ENABLE_STRICT_OBJC_MSGSEND = YES;
				ENABLE_TESTABILITY = YES;
				ENABLE_USER_SCRIPT_SANDBOXING = YES;
				GCC_C_LANGUAGE_STANDARD = gnu17;
				GCC_DYNAMIC_NO_PIC = NO;
				GCC_NO_COMMON_BLOCKS = YES;
				GCC_OPTIMIZATION_LEVEL = 0;
				GCC_PREPROCESSOR_DEFINITIONS = (
					"DEBUG=1",
					"$(inherited)",
				);
				GCC_WARN_64_TO_32_BIT_CONVERSION = YES;
				GCC_WARN_ABOUT_RETURN_TYPE = YES_ERROR;
				GCC_WARN_UNDECLARED_SELECTOR = YES;
				GCC_WARN_UNINITIALIZED_AUTOS = YES_AGGRESSIVE;
				GCC_WARN_UNUSED_FUNCTION = YES;
				GCC_WARN_UNUSED_VARIABLE = YES;
				IPHONEOS_DEPLOYMENT_TARGET = 16.0;
				LOCALIZATION_PREFERS_STRING_CATALOGS = YES;
				MTL_ENABLE_DEBUG_INFO = INCLUDE_SOURCE;
				MTL_FAST_MATH = YES;
				ONLY_ACTIVE_ARCH = YES;
				SDKROOT = iphoneos;
				SWIFT_ACTIVE_COMPILATION_CONDITIONS = "DEBUG $(inherited)";
				SWIFT_OPTIMIZATION_LEVEL = "-Onone";
			};
			name = Debug;
		};
		1185E3022B37254D0038FC63 /* Release */ = {
			isa = XCBuildConfiguration;
			buildSettings = {
				ALWAYS_SEARCH_USER_PATHS = NO;
				ASSETCATALOG_COMPILER_GENERATE_SWIFT_ASSET_SYMBOL_EXTENSIONS = YES;
				CLANG_ANALYZER_NONNULL = YES;
				CLANG_ANALYZER_NUMBER_OBJECT_CONVERSION = YES_AGGRESSIVE;
				CLANG_CXX_LANGUAGE_STANDARD = "gnu++20";
				CLANG_ENABLE_MODULES = YES;
				CLANG_ENABLE_OBJC_ARC = YES;
				CLANG_ENABLE_OBJC_WEAK = YES;
				CLANG_WARN_BLOCK_CAPTURE_AUTORELEASING = YES;
				CLANG_WARN_BOOL_CONVERSION = YES;
				CLANG_WARN_COMMA = YES;
				CLANG_WARN_CONSTANT_CONVERSION = YES;
				CLANG_WARN_DEPRECATED_OBJC_IMPLEMENTATIONS = YES;
				CLANG_WARN_DIRECT_OBJC_ISA_USAGE = YES_ERROR;
				CLANG_WARN_DOCUMENTATION_COMMENTS = YES;
				CLANG_WARN_EMPTY_BODY = YES;
				CLANG_WARN_ENUM_CONVERSION = YES;
				CLANG_WARN_INFINITE_RECURSION = YES;
				CLANG_WARN_INT_CONVERSION = YES;
				CLANG_WARN_NON_LITERAL_NULL_CONVERSION = YES;
				CLANG_WARN_OBJC_IMPLICIT_RETAIN_SELF = YES;
				CLANG_WARN_OBJC_LITERAL_CONVERSION = YES;
				CLANG_WARN_OBJC_ROOT_CLASS = YES_ERROR;
				CLANG_WARN_QUOTED_INCLUDE_IN_FRAMEWORK_HEADER = YES;
				CLANG_WARN_RANGE_LOOP_ANALYSIS = YES;
				CLANG_WARN_STRICT_PROTOTYPES = YES;
				CLANG_WARN_SUSPICIOUS_MOVE = YES;
				CLANG_WARN_UNGUARDED_AVAILABILITY = YES_AGGRESSIVE;
				CLANG_WARN_UNREACHABLE_CODE = YES;
				CLANG_WARN__DUPLICATE_METHOD_MATCH = YES;
				COPY_PHASE_STRIP = NO;
				DEBUG_INFORMATION_FORMAT = "dwarf-with-dsym";
				ENABLE_NS_ASSERTIONS = NO;
				ENABLE_STRICT_OBJC_MSGSEND = YES;
				ENABLE_USER_SCRIPT_SANDBOXING = YES;
				GCC_C_LANGUAGE_STANDARD = gnu17;
				GCC_NO_COMMON_BLOCKS = YES;
				GCC_WARN_64_TO_32_BIT_CONVERSION = YES;
				GCC_WARN_ABOUT_RETURN_TYPE = YES_ERROR;
				GCC_WARN_UNDECLARED_SELECTOR = YES;
				GCC_WARN_UNINITIALIZED_AUTOS = YES_AGGRESSIVE;
				GCC_WARN_UNUSED_FUNCTION = YES;
				GCC_WARN_UNUSED_VARIABLE = YES;
				IPHONEOS_DEPLOYMENT_TARGET = 16.0;
				LOCALIZATION_PREFERS_STRING_CATALOGS = YES;
				MTL_ENABLE_DEBUG_INFO = NO;
				MTL_FAST_MATH = YES;
				SDKROOT = iphoneos;
				SWIFT_COMPILATION_MODE = wholemodule;
				VALIDATE_PRODUCT = YES;
			};
			name = Release;
		};
		1185E3042B37254D0038FC63 /* Debug */ = {
			isa = XCBuildConfiguration;
			buildSettings = {
				ASSETCATALOG_COMPILER_APPICON_NAME = AppIcon;
				ASSETCATALOG_COMPILER_GLOBAL_ACCENT_COLOR_NAME = AccentColor;
				CODE_SIGN_STYLE = Automatic;
				CURRENT_PROJECT_VERSION = 1;
				DEVELOPMENT_TEAM = HM795YG5L5;
				GENERATE_INFOPLIST_FILE = YES;
				INFOPLIST_FILE = "EffectiveMobile-Test/Info.plist";
				INFOPLIST_KEY_UIApplicationSupportsIndirectInputEvents = YES;
				INFOPLIST_KEY_UILaunchStoryboardName = LaunchScreen;
				INFOPLIST_KEY_UISupportedInterfaceOrientations_iPad = "UIInterfaceOrientationPortrait UIInterfaceOrientationPortraitUpsideDown UIInterfaceOrientationLandscapeLeft UIInterfaceOrientationLandscapeRight";
				INFOPLIST_KEY_UISupportedInterfaceOrientations_iPhone = "UIInterfaceOrientationPortrait UIInterfaceOrientationLandscapeLeft UIInterfaceOrientationLandscapeRight";
				LD_RUNPATH_SEARCH_PATHS = (
					"$(inherited)",
					"@executable_path/Frameworks",
				);
				MARKETING_VERSION = 1.0;
				PRODUCT_BUNDLE_IDENTIFIER = "AG.EffectiveMobile-Test";
				PRODUCT_NAME = "$(TARGET_NAME)";
				SWIFT_EMIT_LOC_STRINGS = YES;
				SWIFT_VERSION = 5.0;
				TARGETED_DEVICE_FAMILY = 1;
			};
			name = Debug;
		};
		1185E3052B37254D0038FC63 /* Release */ = {
			isa = XCBuildConfiguration;
			buildSettings = {
				ASSETCATALOG_COMPILER_APPICON_NAME = AppIcon;
				ASSETCATALOG_COMPILER_GLOBAL_ACCENT_COLOR_NAME = AccentColor;
				CODE_SIGN_STYLE = Automatic;
				CURRENT_PROJECT_VERSION = 1;
				DEVELOPMENT_TEAM = HM795YG5L5;
				GENERATE_INFOPLIST_FILE = YES;
				INFOPLIST_FILE = "EffectiveMobile-Test/Info.plist";
				INFOPLIST_KEY_UIApplicationSupportsIndirectInputEvents = YES;
				INFOPLIST_KEY_UILaunchStoryboardName = LaunchScreen;
				INFOPLIST_KEY_UISupportedInterfaceOrientations_iPad = "UIInterfaceOrientationPortrait UIInterfaceOrientationPortraitUpsideDown UIInterfaceOrientationLandscapeLeft UIInterfaceOrientationLandscapeRight";
				INFOPLIST_KEY_UISupportedInterfaceOrientations_iPhone = "UIInterfaceOrientationPortrait UIInterfaceOrientationLandscapeLeft UIInterfaceOrientationLandscapeRight";
				LD_RUNPATH_SEARCH_PATHS = (
					"$(inherited)",
					"@executable_path/Frameworks",
				);
				MARKETING_VERSION = 1.0;
				PRODUCT_BUNDLE_IDENTIFIER = "AG.EffectiveMobile-Test";
				PRODUCT_NAME = "$(TARGET_NAME)";
				SWIFT_EMIT_LOC_STRINGS = YES;
				SWIFT_VERSION = 5.0;
				TARGETED_DEVICE_FAMILY = 1;
			};
			name = Release;
		};
/* End XCBuildConfiguration section */

/* Begin XCConfigurationList section */
		1185E2EA2B37254B0038FC63 /* Build configuration list for PBXProject "EffectiveMobile-Test" */ = {
			isa = XCConfigurationList;
			buildConfigurations = (
				1185E3012B37254D0038FC63 /* Debug */,
				1185E3022B37254D0038FC63 /* Release */,
			);
			defaultConfigurationIsVisible = 0;
			defaultConfigurationName = Release;
		};
		1185E3032B37254D0038FC63 /* Build configuration list for PBXNativeTarget "EffectiveMobile-Test" */ = {
			isa = XCConfigurationList;
			buildConfigurations = (
				1185E3042B37254D0038FC63 /* Debug */,
				1185E3052B37254D0038FC63 /* Release */,
			);
			defaultConfigurationIsVisible = 0;
			defaultConfigurationName = Release;
		};
/* End XCConfigurationList section */
	};
	rootObject = 1185E2E72B37254B0038FC63 /* Project object */;
}
